
Microsoft Visual Studio Solution File, Format Version 12.00
# Visual Studio Version 16
VisualStudioVersion = 16.0.31205.134
MinimumVisualStudioVersion = 10.0.40219.1
Project("{FAE04EC0-301F-11D3-BF4B-00C04F79EFBC}") = "DecoratinComplete", "DecoratinComplete\DecoratinComplete.csproj", "{A5036DA1-C061-4993-AA2C-C175820AAEE3}"
EndProject
Project("{FAE04EC0-301F-11D3-BF4B-00C04F79EFBC}") = "DAL", "DAL\DAL.csproj", "{D75AFFE6-87F8-4819-AC2E-088ED35AE721}"
EndProject
Global
	GlobalSection(SolutionConfigurationPlatforms) = preSolution
		Debug|Any CPU = Debug|Any CPU
		Release|Any CPU = Release|Any CPU
	EndGlobalSection
	GlobalSection(ProjectConfigurationPlatforms) = postSolution
		{A5036DA1-C061-4993-AA2C-C175820AAEE3}.Debug|Any CPU.ActiveCfg = Debug|Any CPU
		{A5036DA1-C061-4993-AA2C-C175820AAEE3}.Debug|Any CPU.Build.0 = Debug|Any CPU
		{A5036DA1-C061-4993-AA2C-C175820AAEE3}.Release|Any CPU.ActiveCfg = Release|Any CPU
		{A5036DA1-C061-4993-AA2C-C175820AAEE3}.Release|Any CPU.Build.0 = Release|Any CPU
		{D75AFFE6-87F8-4819-AC2E-088ED35AE721}.Debug|Any CPU.ActiveCfg = Debug|Any CPU
		{D75AFFE6-87F8-4819-AC2E-088ED35AE721}.Debug|Any CPU.Build.0 = Debug|Any CPU
		{D75AFFE6-87F8-4819-AC2E-088ED35AE721}.Release|Any CPU.ActiveCfg = Release|Any CPU
		{D75AFFE6-87F8-4819-AC2E-088ED35AE721}.Release|Any CPU.Build.0 = Release|Any CPU
	EndGlobalSection
	GlobalSection(SolutionProperties) = preSolution
		HideSolutionNode = FALSE
	EndGlobalSection
	GlobalSection(ExtensibilityGlobals) = postSolution
		SolutionGuid = {5AB08320-7DBA-4720-AE70-F4180AC95BE8}
	EndGlobalSection
EndGlobal
