
Microsoft Visual Studio Solution File, Format Version 12.00
# Visual Studio Version 16
VisualStudioVersion = 16.0.31727.386
MinimumVisualStudioVersion = 10.0.40219.1
Project("{FAE04EC0-301F-11D3-BF4B-00C04F79EFBC}") = "balajiEstate", "balajiEstate\balajiEstate.csproj", "{86768B1E-97D0-4D9F-AC12-C6A6E8C0C4F9}"
EndProject
Global
	GlobalSection(SolutionConfigurationPlatforms) = preSolution
		Debug|Any CPU = Debug|Any CPU
		Release|Any CPU = Release|Any CPU
	EndGlobalSection
	GlobalSection(ProjectConfigurationPlatforms) = postSolution
		{86768B1E-97D0-4D9F-AC12-C6A6E8C0C4F9}.Debug|Any CPU.ActiveCfg = Debug|Any CPU
		{86768B1E-97D0-4D9F-AC12-C6A6E8C0C4F9}.Debug|Any CPU.Build.0 = Debug|Any CPU
		{86768B1E-97D0-4D9F-AC12-C6A6E8C0C4F9}.Release|Any CPU.ActiveCfg = Release|Any CPU
		{86768B1E-97D0-4D9F-AC12-C6A6E8C0C4F9}.Release|Any CPU.Build.0 = Release|Any CPU
	EndGlobalSection
	GlobalSection(SolutionProperties) = preSolution
		HideSolutionNode = FALSE
	EndGlobalSection
	GlobalSection(ExtensibilityGlobals) = postSolution
		SolutionGuid = {7EA54B7E-DA8E-4CE5-AB78-DA0A2F032009}
	EndGlobalSection
EndGlobal
