
Microsoft Visual Studio Solution File, Format Version 12.00
# Visual Studio Version 16
VisualStudioVersion = 16.0.31424.327
MinimumVisualStudioVersion = 10.0.40219.1
Project("{FAE04EC0-301F-11D3-BF4B-00C04F79EFBC}") = "featherLite", "featherLite\featherLite.csproj", "{A9D48934-3880-421C-A13C-84718B940C4C}"
EndProject
Global
	GlobalSection(SolutionConfigurationPlatforms) = preSolution
		Debug|Any CPU = Debug|Any CPU
		Release|Any CPU = Release|Any CPU
	EndGlobalSection
	GlobalSection(ProjectConfigurationPlatforms) = postSolution
		{A9D48934-3880-421C-A13C-84718B940C4C}.Debug|Any CPU.ActiveCfg = Debug|Any CPU
		{A9D48934-3880-421C-A13C-84718B940C4C}.Debug|Any CPU.Build.0 = Debug|Any CPU
		{A9D48934-3880-421C-A13C-84718B940C4C}.Release|Any CPU.ActiveCfg = Release|Any CPU
		{A9D48934-3880-421C-A13C-84718B940C4C}.Release|Any CPU.Build.0 = Release|Any CPU
	EndGlobalSection
	GlobalSection(SolutionProperties) = preSolution
		HideSolutionNode = FALSE
	EndGlobalSection
	GlobalSection(ExtensibilityGlobals) = postSolution
		SolutionGuid = {934B30DB-28E4-4B3F-99BC-D366D3AC8357}
	EndGlobalSection
EndGlobal
