
Microsoft Visual Studio Solution File, Format Version 12.00
# Visual Studio Version 16
VisualStudioVersion = 16.0.31402.337
MinimumVisualStudioVersion = 10.0.40219.1
Project("{FAE04EC0-301F-11D3-BF4B-00C04F79EFBC}") = "MIL", "MIL\MIL.csproj", "{DB88022A-A24B-46D9-BC0F-FE3A7B0343F1}"
EndProject
Global
	GlobalSection(SolutionConfigurationPlatforms) = preSolution
		Debug|Any CPU = Debug|Any CPU
		Release|Any CPU = Release|Any CPU
	EndGlobalSection
	GlobalSection(ProjectConfigurationPlatforms) = postSolution
		{DB88022A-A24B-46D9-BC0F-FE3A7B0343F1}.Debug|Any CPU.ActiveCfg = Debug|Any CPU
		{DB88022A-A24B-46D9-BC0F-FE3A7B0343F1}.Debug|Any CPU.Build.0 = Debug|Any CPU
		{DB88022A-A24B-46D9-BC0F-FE3A7B0343F1}.Release|Any CPU.ActiveCfg = Release|Any CPU
		{DB88022A-A24B-46D9-BC0F-FE3A7B0343F1}.Release|Any CPU.Build.0 = Release|Any CPU
	EndGlobalSection
	GlobalSection(SolutionProperties) = preSolution
		HideSolutionNode = FALSE
	EndGlobalSection
	GlobalSection(ExtensibilityGlobals) = postSolution
		SolutionGuid = {4FC0D22F-663C-437C-AA3C-7DEAA606120A}
	EndGlobalSection
EndGlobal
